
Microsoft Visual Studio Solution File, Format Version 12.00
# Visual Studio 15
VisualStudioVersion = 15.0.28307.168
MinimumVisualStudioVersion = 10.0.40219.1
Project("{FAE04EC0-301F-11D3-BF4B-00C04F79EFBC}") = "ConsoleApp1", "ConsoleApp1\ConsoleApp1.csproj", "{F4ECB0EA-F94C-48B1-A573-2133A484CC7B}"
EndProject
Project("{FAE04EC0-301F-11D3-BF4B-00C04F79EFBC}") = "ConsoleApp2", "ConsoleApp2\ConsoleApp2.csproj", "{CB0F14AA-3C5D-44C2-9F08-5884A0732F83}"
EndProject
Global
	GlobalSection(SolutionConfigurationPlatforms) = preSolution
		Debug|Any CPU = Debug|Any CPU
		Release|Any CPU = Release|Any CPU
	EndGlobalSection
	GlobalSection(ProjectConfigurationPlatforms) = postSolution
		{F4ECB0EA-F94C-48B1-A573-2133A484CC7B}.Debug|Any CPU.ActiveCfg = Debug|Any CPU
		{F4ECB0EA-F94C-48B1-A573-2133A484CC7B}.Debug|Any CPU.Build.0 = Debug|Any CPU
		{F4ECB0EA-F94C-48B1-A573-2133A484CC7B}.Release|Any CPU.ActiveCfg = Release|Any CPU
		{F4ECB0EA-F94C-48B1-A573-2133A484CC7B}.Release|Any CPU.Build.0 = Release|Any CPU
		{CB0F14AA-3C5D-44C2-9F08-5884A0732F83}.Debug|Any CPU.ActiveCfg = Debug|Any CPU
		{CB0F14AA-3C5D-44C2-9F08-5884A0732F83}.Debug|Any CPU.Build.0 = Debug|Any CPU
		{CB0F14AA-3C5D-44C2-9F08-5884A0732F83}.Release|Any CPU.ActiveCfg = Release|Any CPU
		{CB0F14AA-3C5D-44C2-9F08-5884A0732F83}.Release|Any CPU.Build.0 = Release|Any CPU
	EndGlobalSection
	GlobalSection(SolutionProperties) = preSolution
		HideSolutionNode = FALSE
	EndGlobalSection
	GlobalSection(ExtensibilityGlobals) = postSolution
		SolutionGuid = {41CB988F-37B6-4AAF-AEA2-0FD54F48F54B}
	EndGlobalSection
EndGlobal
